" Generated by vim-plug
" Sat May  2 19:08:19 2020
" :source this file in vim to restore the snapshot
" or execute: vim -S snapshot.vim

silent! let g:plugs['ale'].commit = '36e5337e'
silent! let g:plugs['coc.nvim'].commit = '4e72e5b'
silent! let g:plugs['committia.vim'].commit = 'd367190'
silent! let g:plugs['doorboy.vim'].commit = 'be1ad24'
silent! let g:plugs['fzf'].commit = 'e6d33f7'
silent! let g:plugs['indentLine'].commit = '15aceda'
silent! let g:plugs['lightline-bufferline'].commit = '17683bc'
silent! let g:plugs['lightline.vim'].commit = 'd77c94f'
silent! let g:plugs['nord-vim'].commit = 'f06189a'
silent! let g:plugs['rename.vim'].commit = 'f133763'
silent! let g:plugs['repmo.vim'].commit = '9bf02ed'
silent! let g:plugs['splitjoin.vim'].commit = '62d42e1'
silent! let g:plugs['tmuxline.vim'].commit = '7001ab3'
silent! let g:plugs['typescript-vim'].commit = '17d85d8'
silent! let g:plugs['vim-better-whitespace'].commit = '8cf4b21'
silent! let g:plugs['vim-commentary'].commit = 'f8238d7'
silent! let g:plugs['vim-cutlass'].commit = '7afd649'
silent! let g:plugs['vim-devicons'].commit = 'd6ae80a'
silent! let g:plugs['vim-easy-align'].commit = '12dd631'
silent! let g:plugs['vim-editorconfig'].commit = '5c3a5b4'
silent! let g:plugs['vim-fish'].commit = '50b95cb'
silent! let g:plugs['vim-git'].commit = '117abeb'
silent! let g:plugs['vim-illuminate'].commit = '80dafb9'
silent! let g:plugs['vim-javascript'].commit = '92a2b46'
silent! let g:plugs['vim-json'].commit = '3727f08'
silent! let g:plugs['vim-markdown'].commit = '296eeaa'
silent! let g:plugs['vim-markdown-folding'].commit = '3f35acf'
silent! let g:plugs['vim-matchup'].commit = 'bae99f0'
silent! let g:plugs['vim-repeat'].commit = 'c947ad2'
silent! let g:plugs['vim-sayonara'].commit = '357135c'
silent! let g:plugs['vim-schlepp'].commit = 'dfe67ad'
silent! let g:plugs['vim-signify'].commit = '56db16f'
silent! let g:plugs['vim-smoothie'].commit = 'd3de4fb'
silent! let g:plugs['vim-sneak'].commit = '98a5c94'
silent! let g:plugs['vim-sort-motion'].commit = '49dfcab'
silent! let g:plugs['vim-startify'].commit = '593388d'
silent! let g:plugs['vim-surround'].commit = 'f51a26d'
silent! let g:plugs['vim-table-mode'].commit = '6a6f356'
silent! let g:plugs['vim-textobj-comment'].commit = '58ae457'
silent! let g:plugs['vim-textobj-entire'].commit = '64a856c'
silent! let g:plugs['vim-textobj-indent'].commit = 'deb7686'
silent! let g:plugs['vim-textobj-line'].commit = '0a78169'
silent! let g:plugs['vim-textobj-user'].commit = '41a675d'
silent! let g:plugs['vim-textobj-variable-segment'].commit = '78457d4'
silent! let g:plugs['vim-tmux'].commit = '4e77341'
silent! let g:plugs['vim-tmux-clipboard'].commit = '4718774'
silent! let g:plugs['vim-tmux-focus-events'].commit = 'e809607'
silent! let g:plugs['vim-tmux-navigator'].commit = '44ba6fb'
silent! let g:plugs['vim-togglelist'].commit = 'cafedc4'
silent! let g:plugs['vim-toml'].commit = 'a4ec206'
silent! let g:plugs['vim-vinegar'].commit = 'fcce70f'

PlugUpdate!
