" Generated by vim-plug
" Sat Mar  6 00:05:29 2021
" :source this file in vim to restore the snapshot
" or execute: vim -S snapshot.vim

silent! let g:plugs['ale'].commit = '8c5081f6316183c97298ec4a819fd94c2a2a9516'
silent! let g:plugs['coc.nvim'].commit = '71b5766a7cc28daef89fac7db99340cd532035b3'
silent! let g:plugs['committia.vim'].commit = '1d288281586d1e6b52646a4c412df3dd3a2fe231'
silent! let g:plugs['doorboy.vim'].commit = 'be1ad244e7e5cb1f45efc1482fa4b989a4038df0'
silent! let g:plugs['fzf'].commit = '4f9a7f8c879ef625f3bec5946df9e7fe5768f9dd'
silent! let g:plugs['indentLine'].commit = '5617a1cf7d315e6e6f84d825c85e3b669d220bfa'
silent! let g:plugs['lightline-bufferline'].commit = '9cec4e2329324366801e1272305be907d141d77c'
silent! let g:plugs['lightline.vim'].commit = '8e013f32f524157bf14ccaa87d97be3d3a7201e2'
silent! let g:plugs['nord-vim'].commit = 'ea7ff9c343392ec6dfac4e9ec3fe0c45afb92a40'
silent! let g:plugs['rename.vim'].commit = 'f133763b0bbd79039f4e071a467ea8fc27d97dbd'
silent! let g:plugs['repmo.vim'].commit = '9bf02edff197d3d73d4e0c8a14be6c4b38651bb9'
silent! let g:plugs['splitjoin.vim'].commit = 'f0d785f7607be60c282b5f5a5d32a2e51560c07c'
silent! let g:plugs['tmuxline.vim'].commit = '7001ab359f2bc699b7000c297a0d9e9a897b70cf'
silent! let g:plugs['typescript-vim'].commit = '67e81e4292186889a1a519e1bf3a600d671237eb'
silent! let g:plugs['vim-better-whitespace'].commit = '8cf4b2175dd61416c2fe7d3234324a6c59d678de'
silent! let g:plugs['vim-commentary'].commit = 'f8238d70f873969fb41bf6a6b07ca63a4c0b82b1'
silent! let g:plugs['vim-cutlass'].commit = '7afd649415541634c8ce317fafbc31cd19d57589'
silent! let g:plugs['vim-devicons'].commit = '4d14cb82cf7381c2f8eca284d1a757faaa73b159'
silent! let g:plugs['vim-easy-align'].commit = '12dd6316974f71ce333e360c0260b4e1f81169c3'
silent! let g:plugs['vim-editorconfig'].commit = '5c3a5b4e7830a6885ec3e70fa5151c59afde2ad5'
silent! let g:plugs['vim-fish'].commit = '50b95cbbcd09c046121367d49039710e9dc9c15f'
silent! let g:plugs['vim-git'].commit = '4be54a3e2e300a94f6f7dfa7a6ee9e81245c9886'
silent! let g:plugs['vim-illuminate'].commit = '7dbacfb73f56b84d14fff993ff4869dfd4610443'
silent! let g:plugs['vim-javascript'].commit = '3c90d0cc37bb8b78422f647e62587f498a5dd7bd'
silent! let g:plugs['vim-json'].commit = '3727f089410e23ae113be6222e8a08dd2613ecf2'
silent! let g:plugs['vim-markdown'].commit = 'baf2592d33d6d73bf2bcb7cf3251586eed5148f9'
silent! let g:plugs['vim-markdown-folding'].commit = '3f35acfb753cc9ea22182400b075c5b6e896ad71'
silent! let g:plugs['vim-matchup'].commit = '4f5619fd1ad2b1aa36536b332b058ef6a3387a85'
silent! let g:plugs['vim-repeat'].commit = '24afe922e6a05891756ecf331f39a1f6743d3d5a'
silent! let g:plugs['vim-sayonara'].commit = '357135ce127581fab2c0caf45d4b3fec4603aa77'
silent! let g:plugs['vim-schlepp'].commit = 'dfe67ad49d534e6c442d589c558da7b3ab052f03'
silent! let g:plugs['vim-signify'].commit = 'b2a0450e23c63b75bbeabf4f0c28f9b4b2480689'
silent! let g:plugs['vim-smoothie'].commit = '10fd0aa57d176718bc2c570f121ab523c4429a25'
silent! let g:plugs['vim-sneak'].commit = '65e5e4668371152c6ef7a6269c6a6b960cef21b4'
silent! let g:plugs['vim-sort-motion'].commit = '49dfcabeee2bf3a85a6cc0774b35f687b6c9d0e5'
silent! let g:plugs['vim-startify'].commit = 'f2fc11844b234479d37bef37faa7ceb2aade788b'
silent! let g:plugs['vim-surround'].commit = 'f51a26d3710629d031806305b6c8727189cd1935'
silent! let g:plugs['vim-table-mode'].commit = '659ba4f39caa38e6913f88c9f4369c00e852160f'
silent! let g:plugs['vim-textobj-comment'].commit = '58ae4571b76a5bf74850698f23d235eef991dd4b'
silent! let g:plugs['vim-textobj-entire'].commit = '64a856c9dff3425ed8a863b9ec0a21dbaee6fb3a'
silent! let g:plugs['vim-textobj-indent'].commit = 'deb76867c302f933c8f21753806cbf2d8461b548'
silent! let g:plugs['vim-textobj-line'].commit = '0a78169a33c7ea7718b9fa0fad63c11c04727291'
silent! let g:plugs['vim-textobj-user'].commit = '41a675ddbeefd6a93664a4dc52f302fe3086a933'
silent! let g:plugs['vim-textobj-variable-segment'].commit = '78457d4322b44bf89730e708b62b69df48c39aa3'
silent! let g:plugs['vim-tmux'].commit = '7e7680fb1bb05bca1c800213b265f45433ed1e33'
silent! let g:plugs['vim-tmux-clipboard'].commit = '47187740b88f9dab213f44678800cc797223808e'
silent! let g:plugs['vim-tmux-focus-events'].commit = 'f8b5ef76ecbdc38d2b38abc3df218b47e5320c30'
silent! let g:plugs['vim-tmux-navigator'].commit = '6a1e58c3ca3bc7acca36c90521b3dfae83b2a602'
silent! let g:plugs['vim-togglelist'].commit = 'cafedc49860950200f28f2e1d95ab6a87b79d113'
silent! let g:plugs['vim-toml'].commit = '3c5face8e8944a217af45bc5bb708ff7dfcf1a54'
silent! let g:plugs['vim-vinegar'].commit = '5f48edf4dcc130ae4a658541c0d6f72a558bc70d'

PlugUpdate!
