" Generated by vim-plug
" Mon Aug  5 22:44:00 2019
" :source this file in vim to restore the snapshot
" or execute: vim -S snapshot.vim

silent! let g:plugs['MatchTagAlways'].commit = '352eb47'
silent! let g:plugs['ale'].commit = '6e28eec'
silent! let g:plugs['committia.vim'].commit = 'd367190'
silent! let g:plugs['deoplete-ruby'].commit = '7f6fb3a'
silent! let g:plugs['deoplete-ternjs'].commit = '185b011'
silent! let g:plugs['deoplete.nvim'].commit = '3e22aab'
silent! let g:plugs['doorboy.vim'].commit = 'be1ad24'
silent! let g:plugs['fzf'].commit = '9517462'
silent! let g:plugs['html5.vim'].commit = '3db896b'
silent! let g:plugs['indentLine'].commit = '4764873'
silent! let g:plugs['lightline-bufferline'].commit = '3bf44e8'
silent! let g:plugs['lightline.vim'].commit = '80c242c'
silent! let g:plugs['neco-look'].commit = '8c3951a'
silent! let g:plugs['neosnippet-snippets'].commit = 'c5bb921'
silent! let g:plugs['neosnippet.vim'].commit = 'ed80ae8'
silent! let g:plugs['nord-vim'].commit = '9f7ce84'
silent! let g:plugs['rename.vim'].commit = 'f133763'
silent! let g:plugs['repmo.vim'].commit = '9bf02ed'
silent! let g:plugs['splitjoin.vim'].commit = '4510fb4'
silent! let g:plugs['tmuxline.vim'].commit = '6386ac1'
silent! let g:plugs['typescript-vim'].commit = '7704fac'
silent! let g:plugs['vim-better-whitespace'].commit = 'f5726c4'
silent! let g:plugs['vim-commentary'].commit = '141d9d3'
silent! let g:plugs['vim-css-color'].commit = '5a31c72'
silent! let g:plugs['vim-css3-syntax'].commit = '22c5e80'
silent! let g:plugs['vim-devicons'].commit = 'cdc08fd'
silent! let g:plugs['vim-easy-align'].commit = '12dd631'
silent! let g:plugs['vim-easyclip'].commit = 'f1a3b95'
silent! let g:plugs['vim-editorconfig'].commit = '6b50f57'
silent! let g:plugs['vim-endwise'].commit = 'f67d022'
silent! let g:plugs['vim-expand-region'].commit = '9665135'
silent! let g:plugs['vim-fish'].commit = '50b95cb'
silent! let g:plugs['vim-git'].commit = 'be1cc34'
silent! let g:plugs['vim-illuminate'].commit = 'd2b547c'
silent! let g:plugs['vim-interestingwords'].commit = '7e3ec6a'
silent! let g:plugs['vim-javascript'].commit = 'ee44580'
silent! let g:plugs['vim-json'].commit = '3727f08'
silent! let g:plugs['vim-markdown'].commit = '57c5826'
silent! let g:plugs['vim-markdown-folding'].commit = '3f35acf'
silent! let g:plugs['vim-matchup'].commit = 'f1a3948'
silent! let g:plugs['vim-multiple-cursors'].commit = '8cb8e83'
silent! let g:plugs['vim-repeat'].commit = '0b9b5e7'
silent! let g:plugs['vim-ruby'].commit = '96d5db4'
silent! let g:plugs['vim-sayonara'].commit = '357135c'
silent! let g:plugs['vim-schlepp'].commit = 'dfe67ad'
silent! let g:plugs['vim-signify'].commit = 'ac23bd9'
silent! let g:plugs['vim-sneak'].commit = '5b670df'
silent! let g:plugs['vim-snippets'].commit = 'a11cf5b'
silent! let g:plugs['vim-sort-motion'].commit = '49dfcab'
silent! let g:plugs['vim-startify'].commit = 'a27df83'
silent! let g:plugs['vim-surround'].commit = 'ca58a2d'
silent! let g:plugs['vim-table-mode'].commit = '865563f'
silent! let g:plugs['vim-textobj-comment'].commit = '58ae457'
silent! let g:plugs['vim-textobj-entire'].commit = '64a856c'
silent! let g:plugs['vim-textobj-indent'].commit = 'deb7686'
silent! let g:plugs['vim-textobj-line'].commit = '0a78169'
silent! let g:plugs['vim-textobj-user'].commit = '074ce25'
silent! let g:plugs['vim-textobj-variable-segment'].commit = '1af9cde'
silent! let g:plugs['vim-tmux'].commit = '4e77341'
silent! let g:plugs['vim-tmux-clipboard'].commit = '4718774'
silent! let g:plugs['vim-tmux-focus-events'].commit = '0f89b1a'
silent! let g:plugs['vim-tmux-navigator'].commit = '4e1a877'
silent! let g:plugs['vim-togglelist'].commit = 'cafedc4'
silent! let g:plugs['vim-toml'].commit = '2295e61'
silent! let g:plugs['vim-vinegar'].commit = '09ac84c'

PlugUpdate!
